
Microsoft Visual Studio Solution File, Format Version 12.00
# Visual Studio 15
VisualStudioVersion = 15.0.27130.2027
MinimumVisualStudioVersion = 10.0.40219.1
Project("{D954291E-2A0B-460D-934E-DC6B0785DB48}") = "mgpro", "mgpro\mgpro.shproj", "{04FE7BC8-2B76-4DA6-878D-C7E23F29EA39}"
EndProject
Project("{FAE04EC0-301F-11D3-BF4B-00C04F79EFBC}") = "helper", "xml\helper.csproj", "{F799A248-FE74-436E-B7B0-33F3C6B52F83}"
EndProject
Project("{FAE04EC0-301F-11D3-BF4B-00C04F79EFBC}") = "test", "test\test.csproj", "{5E5E9527-7651-427D-A9A3-3ADB38D2D4FA}"
EndProject
Project("{FAE04EC0-301F-11D3-BF4B-00C04F79EFBC}") = "ViewSub", "ViewSub\ViewSub.csproj", "{42734081-9F04-4CAC-A9C1-56E4B3175EDB}"
EndProject
Global
	GlobalSection(SharedMSBuildProjectFiles) = preSolution
		mgpro\mgpro.projitems*{04fe7bc8-2b76-4da6-878d-c7e23f29ea39}*SharedItemsImports = 13
	EndGlobalSection
	GlobalSection(SolutionConfigurationPlatforms) = preSolution
		Debug|Any CPU = Debug|Any CPU
		Release|Any CPU = Release|Any CPU
	EndGlobalSection
	GlobalSection(ProjectConfigurationPlatforms) = postSolution
		{F799A248-FE74-436E-B7B0-33F3C6B52F83}.Debug|Any CPU.ActiveCfg = Debug|Any CPU
		{F799A248-FE74-436E-B7B0-33F3C6B52F83}.Debug|Any CPU.Build.0 = Debug|Any CPU
		{F799A248-FE74-436E-B7B0-33F3C6B52F83}.Release|Any CPU.ActiveCfg = Release|Any CPU
		{F799A248-FE74-436E-B7B0-33F3C6B52F83}.Release|Any CPU.Build.0 = Release|Any CPU
		{5E5E9527-7651-427D-A9A3-3ADB38D2D4FA}.Debug|Any CPU.ActiveCfg = Debug|Any CPU
		{5E5E9527-7651-427D-A9A3-3ADB38D2D4FA}.Debug|Any CPU.Build.0 = Debug|Any CPU
		{5E5E9527-7651-427D-A9A3-3ADB38D2D4FA}.Release|Any CPU.ActiveCfg = Release|Any CPU
		{5E5E9527-7651-427D-A9A3-3ADB38D2D4FA}.Release|Any CPU.Build.0 = Release|Any CPU
		{42734081-9F04-4CAC-A9C1-56E4B3175EDB}.Debug|Any CPU.ActiveCfg = Debug|Any CPU
		{42734081-9F04-4CAC-A9C1-56E4B3175EDB}.Debug|Any CPU.Build.0 = Debug|Any CPU
		{42734081-9F04-4CAC-A9C1-56E4B3175EDB}.Release|Any CPU.ActiveCfg = Release|Any CPU
		{42734081-9F04-4CAC-A9C1-56E4B3175EDB}.Release|Any CPU.Build.0 = Release|Any CPU
	EndGlobalSection
	GlobalSection(SolutionProperties) = preSolution
		HideSolutionNode = FALSE
	EndGlobalSection
	GlobalSection(ExtensibilityGlobals) = postSolution
		SolutionGuid = {71556592-EF29-4DB3-88B7-C5C46E34775A}
	EndGlobalSection
EndGlobal
